// !$*UTF8*$!
{
	archiveVersion = 1;
	classes = {
	};
	objectVersion = 56;
	objects = {

/* Begin PBXBuildFile section */
		9D3C327E2AB7B4F900FD8CFB /* PictoShareApp.swift in Sources */ = {isa = PBXBuildFile; fileRef = 9D3C327D2AB7B4F900FD8CFB /* PictoShareApp.swift */; };
		9D3C32802AB7B4F900FD8CFB /* ContentView.swift in Sources */ = {isa = PBXBuildFile; fileRef = 9D3C327F2AB7B4F900FD8CFB /* ContentView.swift */; };
		9D3C32822AB7B4FA00FD8CFB /* Assets.xcassets in Resources */ = {isa = PBXBuildFile; fileRef = 9D3C32812AB7B4FA00FD8CFB /* Assets.xcassets */; };
		9D3C32852AB7B4FA00FD8CFB /* Preview Assets.xcassets in Resources */ = {isa = PBXBuildFile; fileRef = 9D3C32842AB7B4FA00FD8CFB /* Preview Assets.xcassets */; };
		9D3C328C2AB7D65000FD8CFB /* Feed.swift in Sources */ = {isa = PBXBuildFile; fileRef = 9D3C328B2AB7D65000FD8CFB /* Feed.swift */; };
		9DB6C0132ABA48130012AE22 /* FeedCell.swift in Sources */ = {isa = PBXBuildFile; fileRef = 9DB6C0122ABA48130012AE22 /* FeedCell.swift */; };
		9DB6C0162ABA5EB40012AE22 /* ThreeDots.swift in Sources */ = {isa = PBXBuildFile; fileRef = 9DB6C0152ABA5EB40012AE22 /* ThreeDots.swift */; };
		9DB6C0192ABEBDC70012AE22 /* Profile.swift in Sources */ = {isa = PBXBuildFile; fileRef = 9DB6C0182ABEBDC70012AE22 /* Profile.swift */; };
		9DDA8BEB2AC542EB0000EB77 /* MemoryView.swift in Sources */ = {isa = PBXBuildFile; fileRef = 9DDA8BEA2AC542EB0000EB77 /* MemoryView.swift */; };
		9DDA8BED2ACB601C0000EB77 /* Settings.swift in Sources */ = {isa = PBXBuildFile; fileRef = 9DDA8BEC2ACB601C0000EB77 /* Settings.swift */; };
		9DDA8BEF2AD345110000EB77 /* EditProfile.swift in Sources */ = {isa = PBXBuildFile; fileRef = 9DDA8BEE2AD345110000EB77 /* EditProfile.swift */; };
/* End PBXBuildFile section */

/* Begin PBXFileReference section */
		9D3C327A2AB7B4F900FD8CFB /* PictoShare.app */ = {isa = PBXFileReference; explicitFileType = wrapper.application; includeInIndex = 0; path = PictoShare.app; sourceTree = BUILT_PRODUCTS_DIR; };
		9D3C327D2AB7B4F900FD8CFB /* PictoShareApp.swift */ = {isa = PBXFileReference; lastKnownFileType = sourcecode.swift; path = PictoShareApp.swift; sourceTree = "<group>"; };
		9D3C327F2AB7B4F900FD8CFB /* ContentView.swift */ = {isa = PBXFileReference; lastKnownFileType = sourcecode.swift; path = ContentView.swift; sourceTree = "<group>"; };
		9D3C32812AB7B4FA00FD8CFB /* Assets.xcassets */ = {isa = PBXFileReference; lastKnownFileType = folder.assetcatalog; path = Assets.xcassets; sourceTree = "<group>"; };
		9D3C32842AB7B4FA00FD8CFB /* Preview Assets.xcassets */ = {isa = PBXFileReference; lastKnownFileType = folder.assetcatalog; path = "Preview Assets.xcassets"; sourceTree = "<group>"; };
		9D3C328B2AB7D65000FD8CFB /* Feed.swift */ = {isa = PBXFileReference; lastKnownFileType = sourcecode.swift; path = Feed.swift; sourceTree = "<group>"; };
		9DB6C0122ABA48130012AE22 /* FeedCell.swift */ = {isa = PBXFileReference; lastKnownFileType = sourcecode.swift; path = FeedCell.swift; sourceTree = "<group>"; };
		9DB6C0152ABA5EB40012AE22 /* ThreeDots.swift */ = {isa = PBXFileReference; lastKnownFileType = sourcecode.swift; path = ThreeDots.swift; sourceTree = "<group>"; };
		9DB6C0182ABEBDC70012AE22 /* Profile.swift */ = {isa = PBXFileReference; lastKnownFileType = sourcecode.swift; path = Profile.swift; sourceTree = "<group>"; };
		9DDA8BEA2AC542EB0000EB77 /* MemoryView.swift */ = {isa = PBXFileReference; lastKnownFileType = sourcecode.swift; path = MemoryView.swift; sourceTree = "<group>"; };
		9DDA8BEC2ACB601C0000EB77 /* Settings.swift */ = {isa = PBXFileReference; lastKnownFileType = sourcecode.swift; path = Settings.swift; sourceTree = "<group>"; };
		9DDA8BEE2AD345110000EB77 /* EditProfile.swift */ = {isa = PBXFileReference; lastKnownFileType = sourcecode.swift; path = EditProfile.swift; sourceTree = "<group>"; };
/* End PBXFileReference section */

/* Begin PBXFrameworksBuildPhase section */
		9D3C32772AB7B4F900FD8CFB /* Frameworks */ = {
			isa = PBXFrameworksBuildPhase;
			buildActionMask = 2147483647;
			files = (
			);
			runOnlyForDeploymentPostprocessing = 0;
		};
/* End PBXFrameworksBuildPhase section */

/* Begin PBXGroup section */
		9D3C32712AB7B4F900FD8CFB = {
			isa = PBXGroup;
			children = (
				9DDA8BEE2AD345110000EB77 /* EditProfile.swift */,
				9D3C327C2AB7B4F900FD8CFB /* PictoShare */,
				9D3C327B2AB7B4F900FD8CFB /* Products */,
			);
			sourceTree = "<group>";
		};
		9D3C327B2AB7B4F900FD8CFB /* Products */ = {
			isa = PBXGroup;
			children = (
				9D3C327A2AB7B4F900FD8CFB /* PictoShare.app */,
			);
			name = Products;
			sourceTree = "<group>";
		};
		9D3C327C2AB7B4F900FD8CFB /* PictoShare */ = {
			isa = PBXGroup;
			children = (
				9DB6C0172ABA5F560012AE22 /* Helpers */,
				9D3C327D2AB7B4F900FD8CFB /* PictoShareApp.swift */,
				9D3C327F2AB7B4F900FD8CFB /* ContentView.swift */,
				9D3C328B2AB7D65000FD8CFB /* Feed.swift */,
				9DB6C0182ABEBDC70012AE22 /* Profile.swift */,
				9DB6C0122ABA48130012AE22 /* FeedCell.swift */,
				9D3C32812AB7B4FA00FD8CFB /* Assets.xcassets */,
				9D3C32832AB7B4FA00FD8CFB /* Preview Content */,
				9DDA8BEA2AC542EB0000EB77 /* MemoryView.swift */,
				9DDA8BEC2ACB601C0000EB77 /* Settings.swift */,
			);
			path = PictoShare;
			sourceTree = "<group>";
		};
		9D3C32832AB7B4FA00FD8CFB /* Preview Content */ = {
			isa = PBXGroup;
			children = (
				9D3C32842AB7B4FA00FD8CFB /* Preview Assets.xcassets */,
			);
			path = "Preview Content";
			sourceTree = "<group>";
		};
		9DB6C0172ABA5F560012AE22 /* Helpers */ = {
			isa = PBXGroup;
			children = (
				9DB6C0152ABA5EB40012AE22 /* ThreeDots.swift */,
			);
			path = Helpers;
			sourceTree = "<group>";
		};
/* End PBXGroup section */

/* Begin PBXNativeTarget section */
		9D3C32792AB7B4F900FD8CFB /* PictoShare */ = {
			isa = PBXNativeTarget;
			buildConfigurationList = 9D3C32882AB7B4FA00FD8CFB /* Build configuration list for PBXNativeTarget "PictoShare" */;
			buildPhases = (
				9D3C32762AB7B4F900FD8CFB /* Sources */,
				9D3C32772AB7B4F900FD8CFB /* Frameworks */,
				9D3C32782AB7B4F900FD8CFB /* Resources */,
				9DB6C0142ABA51A80012AE22 /* ShellScript */,
			);
			buildRules = (
			);
			dependencies = (
			);
			name = PictoShare;
			productName = PictoShare;
			productReference = 9D3C327A2AB7B4F900FD8CFB /* PictoShare.app */;
			productType = "com.apple.product-type.application";
		};
/* End PBXNativeTarget section */

/* Begin PBXProject section */
		9D3C32722AB7B4F900FD8CFB /* Project object */ = {
			isa = PBXProject;
			attributes = {
				BuildIndependentTargetsInParallel = 1;
				LastSwiftUpdateCheck = 1410;
				LastUpgradeCheck = 1410;
				TargetAttributes = {
					9D3C32792AB7B4F900FD8CFB = {
						CreatedOnToolsVersion = 14.1;
					};
				};
			};
			buildConfigurationList = 9D3C32752AB7B4F900FD8CFB /* Build configuration list for PBXProject "PictoShare" */;
			compatibilityVersion = "Xcode 14.0";
			developmentRegion = en;
			hasScannedForEncodings = 0;
			knownRegions = (
				en,
				Base,
			);
			mainGroup = 9D3C32712AB7B4F900FD8CFB;
			productRefGroup = 9D3C327B2AB7B4F900FD8CFB /* Products */;
			projectDirPath = "";
			projectRoot = "";
			targets = (
				9D3C32792AB7B4F900FD8CFB /* PictoShare */,
			);
		};
/* End PBXProject section */

/* Begin PBXResourcesBuildPhase section */
		9D3C32782AB7B4F900FD8CFB /* Resources */ = {
			isa = PBXResourcesBuildPhase;
			buildActionMask = 2147483647;
			files = (
				9D3C32852AB7B4FA00FD8CFB /* Preview Assets.xcassets in Resources */,
				9D3C32822AB7B4FA00FD8CFB /* Assets.xcassets in Resources */,
			);
			runOnlyForDeploymentPostprocessing = 0;
		};
/* End PBXResourcesBuildPhase section */

/* Begin PBXShellScriptBuildPhase section */
		9DB6C0142ABA51A80012AE22 /* ShellScript */ = {
			isa = PBXShellScriptBuildPhase;
			buildActionMask = 2147483647;
			files = (
			);
			inputFileListPaths = (
			);
			inputPaths = (
			);
			outputFileListPaths = (
			);
			outputPaths = (
			);
			runOnlyForDeploymentPostprocessing = 0;
			shellPath = /bin/sh;
			shellScript = "# Type a script or drag a script file from your workspace to insert its path.\nif [[ \"$(uname -m)\" == arm64 ]]; then\n    export PATH=\"/opt/homebrew/bin:$PATH\"\nfi\n\nif which swiftlint > /dev/null; then\n    swiftlint\nelse\n    echo \"warning: SwiftLint not installed, download from https://github.com/realm/SwiftLint\"\nfi\n\n";
		};
/* End PBXShellScriptBuildPhase section */

/* Begin PBXSourcesBuildPhase section */
		9D3C32762AB7B4F900FD8CFB /* Sources */ = {
			isa = PBXSourcesBuildPhase;
			buildActionMask = 2147483647;
			files = (
				9DDA8BEB2AC542EB0000EB77 /* MemoryView.swift in Sources */,
				9D3C32802AB7B4F900FD8CFB /* ContentView.swift in Sources */,
				9DDA8BED2ACB601C0000EB77 /* Settings.swift in Sources */,
				9DB6C0192ABEBDC70012AE22 /* Profile.swift in Sources */,
				9DB6C0162ABA5EB40012AE22 /* ThreeDots.swift in Sources */,
				9DB6C0132ABA48130012AE22 /* FeedCell.swift in Sources */,
				9D3C328C2AB7D65000FD8CFB /* Feed.swift in Sources */,
				9D3C327E2AB7B4F900FD8CFB /* PictoShareApp.swift in Sources */,
				9DDA8BEF2AD345110000EB77 /* EditProfile.swift in Sources */,
			);
			runOnlyForDeploymentPostprocessing = 0;
		};
/* End PBXSourcesBuildPhase section */

/* Begin XCBuildConfiguration section */
		9D3C32862AB7B4FA00FD8CFB /* Debug */ = {
			isa = XCBuildConfiguration;
			buildSettings = {
				ALWAYS_SEARCH_USER_PATHS = NO;
				CLANG_ANALYZER_NONNULL = YES;
				CLANG_ANALYZER_NUMBER_OBJECT_CONVERSION = YES_AGGRESSIVE;
				CLANG_CXX_LANGUAGE_STANDARD = "gnu++20";
				CLANG_ENABLE_MODULES = YES;
				CLANG_ENABLE_OBJC_ARC = YES;
				CLANG_ENABLE_OBJC_WEAK = YES;
				CLANG_WARN_BLOCK_CAPTURE_AUTORELEASING = YES;
				CLANG_WARN_BOOL_CONVERSION = YES;
				CLANG_WARN_COMMA = YES;
				CLANG_WARN_CONSTANT_CONVERSION = YES;
				CLANG_WARN_DEPRECATED_OBJC_IMPLEMENTATIONS = YES;
				CLANG_WARN_DIRECT_OBJC_ISA_USAGE = YES_ERROR;
				CLANG_WARN_DOCUMENTATION_COMMENTS = YES;
				CLANG_WARN_EMPTY_BODY = YES;
				CLANG_WARN_ENUM_CONVERSION = YES;
				CLANG_WARN_INFINITE_RECURSION = YES;
				CLANG_WARN_INT_CONVERSION = YES;
				CLANG_WARN_NON_LITERAL_NULL_CONVERSION = YES;
				CLANG_WARN_OBJC_IMPLICIT_RETAIN_SELF = YES;
				CLANG_WARN_OBJC_LITERAL_CONVERSION = YES;
				CLANG_WARN_OBJC_ROOT_CLASS = YES_ERROR;
				CLANG_WARN_QUOTED_INCLUDE_IN_FRAMEWORK_HEADER = YES;
				CLANG_WARN_RANGE_LOOP_ANALYSIS = YES;
				CLANG_WARN_STRICT_PROTOTYPES = YES;
				CLANG_WARN_SUSPICIOUS_MOVE = YES;
				CLANG_WARN_UNGUARDED_AVAILABILITY = YES_AGGRESSIVE;
				CLANG_WARN_UNREACHABLE_CODE = YES;
				CLANG_WARN__DUPLICATE_METHOD_MATCH = YES;
				COPY_PHASE_STRIP = NO;
				DEBUG_INFORMATION_FORMAT = dwarf;
				ENABLE_STRICT_OBJC_MSGSEND = YES;
				ENABLE_TESTABILITY = YES;
				GCC_C_LANGUAGE_STANDARD = gnu11;
				GCC_DYNAMIC_NO_PIC = NO;
				GCC_NO_COMMON_BLOCKS = YES;
				GCC_OPTIMIZATION_LEVEL = 0;
				GCC_PREPROCESSOR_DEFINITIONS = (
					"DEBUG=1",
					"$(inherited)",
				);
				GCC_WARN_64_TO_32_BIT_CONVERSION = YES;
				GCC_WARN_ABOUT_RETURN_TYPE = YES_ERROR;
				GCC_WARN_UNDECLARED_SELECTOR = YES;
				GCC_WARN_UNINITIALIZED_AUTOS = YES_AGGRESSIVE;
				GCC_WARN_UNUSED_FUNCTION = YES;
				GCC_WARN_UNUSED_VARIABLE = YES;
				IPHONEOS_DEPLOYMENT_TARGET = 16.1;
				MTL_ENABLE_DEBUG_INFO = INCLUDE_SOURCE;
				MTL_FAST_MATH = YES;
				ONLY_ACTIVE_ARCH = YES;
				SDKROOT = iphoneos;
				SWIFT_ACTIVE_COMPILATION_CONDITIONS = DEBUG;
				SWIFT_OPTIMIZATION_LEVEL = "-Onone";
			};
			name = Debug;
		};
		9D3C32872AB7B4FA00FD8CFB /* Release */ = {
			isa = XCBuildConfiguration;
			buildSettings = {
				ALWAYS_SEARCH_USER_PATHS = NO;
				CLANG_ANALYZER_NONNULL = YES;
				CLANG_ANALYZER_NUMBER_OBJECT_CONVERSION = YES_AGGRESSIVE;
				CLANG_CXX_LANGUAGE_STANDARD = "gnu++20";
				CLANG_ENABLE_MODULES = YES;
				CLANG_ENABLE_OBJC_ARC = YES;
				CLANG_ENABLE_OBJC_WEAK = YES;
				CLANG_WARN_BLOCK_CAPTURE_AUTORELEASING = YES;
				CLANG_WARN_BOOL_CONVERSION = YES;
				CLANG_WARN_COMMA = YES;
				CLANG_WARN_CONSTANT_CONVERSION = YES;
				CLANG_WARN_DEPRECATED_OBJC_IMPLEMENTATIONS = YES;
				CLANG_WARN_DIRECT_OBJC_ISA_USAGE = YES_ERROR;
				CLANG_WARN_DOCUMENTATION_COMMENTS = YES;
				CLANG_WARN_EMPTY_BODY = YES;
				CLANG_WARN_ENUM_CONVERSION = YES;
				CLANG_WARN_INFINITE_RECURSION = YES;
				CLANG_WARN_INT_CONVERSION = YES;
				CLANG_WARN_NON_LITERAL_NULL_CONVERSION = YES;
				CLANG_WARN_OBJC_IMPLICIT_RETAIN_SELF = YES;
				CLANG_WARN_OBJC_LITERAL_CONVERSION = YES;
				CLANG_WARN_OBJC_ROOT_CLASS = YES_ERROR;
				CLANG_WARN_QUOTED_INCLUDE_IN_FRAMEWORK_HEADER = YES;
				CLANG_WARN_RANGE_LOOP_ANALYSIS = YES;
				CLANG_WARN_STRICT_PROTOTYPES = YES;
				CLANG_WARN_SUSPICIOUS_MOVE = YES;
				CLANG_WARN_UNGUARDED_AVAILABILITY = YES_AGGRESSIVE;
				CLANG_WARN_UNREACHABLE_CODE = YES;
				CLANG_WARN__DUPLICATE_METHOD_MATCH = YES;
				COPY_PHASE_STRIP = NO;
				DEBUG_INFORMATION_FORMAT = "dwarf-with-dsym";
				ENABLE_NS_ASSERTIONS = NO;
				ENABLE_STRICT_OBJC_MSGSEND = YES;
				GCC_C_LANGUAGE_STANDARD = gnu11;
				GCC_NO_COMMON_BLOCKS = YES;
				GCC_WARN_64_TO_32_BIT_CONVERSION = YES;
				GCC_WARN_ABOUT_RETURN_TYPE = YES_ERROR;
				GCC_WARN_UNDECLARED_SELECTOR = YES;
				GCC_WARN_UNINITIALIZED_AUTOS = YES_AGGRESSIVE;
				GCC_WARN_UNUSED_FUNCTION = YES;
				GCC_WARN_UNUSED_VARIABLE = YES;
				IPHONEOS_DEPLOYMENT_TARGET = 16.1;
				MTL_ENABLE_DEBUG_INFO = NO;
				MTL_FAST_MATH = YES;
				SDKROOT = iphoneos;
				SWIFT_COMPILATION_MODE = wholemodule;
				SWIFT_OPTIMIZATION_LEVEL = "-O";
				VALIDATE_PRODUCT = YES;
			};
			name = Release;
		};
		9D3C32892AB7B4FA00FD8CFB /* Debug */ = {
			isa = XCBuildConfiguration;
			buildSettings = {
				ASSETCATALOG_COMPILER_APPICON_NAME = AppIcon;
				ASSETCATALOG_COMPILER_GLOBAL_ACCENT_COLOR_NAME = AccentColor;
				CODE_SIGN_STYLE = Automatic;
				CURRENT_PROJECT_VERSION = 1;
				DEVELOPMENT_ASSET_PATHS = "\"PictoShare/Preview Content\"";
				DEVELOPMENT_TEAM = 8S68B3VNH7;
				ENABLE_PREVIEWS = YES;
				GENERATE_INFOPLIST_FILE = YES;
				INFOPLIST_KEY_UIApplicationSceneManifest_Generation = YES;
				INFOPLIST_KEY_UIApplicationSupportsIndirectInputEvents = YES;
				INFOPLIST_KEY_UILaunchScreen_Generation = YES;
				INFOPLIST_KEY_UISupportedInterfaceOrientations_iPad = "UIInterfaceOrientationPortrait UIInterfaceOrientationPortraitUpsideDown UIInterfaceOrientationLandscapeLeft UIInterfaceOrientationLandscapeRight";
				INFOPLIST_KEY_UISupportedInterfaceOrientations_iPhone = "UIInterfaceOrientationPortrait UIInterfaceOrientationLandscapeLeft UIInterfaceOrientationLandscapeRight";
				LD_RUNPATH_SEARCH_PATHS = (
					"$(inherited)",
					"@executable_path/Frameworks",
				);
				MARKETING_VERSION = 1.0;
				PRODUCT_BUNDLE_IDENTIFIER = "ethan-gonsalves.PictoShare";
				PRODUCT_NAME = "$(TARGET_NAME)";
				SWIFT_EMIT_LOC_STRINGS = YES;
				SWIFT_VERSION = 5.0;
				TARGETED_DEVICE_FAMILY = "1,2";
			};
			name = Debug;
		};
		9D3C328A2AB7B4FA00FD8CFB /* Release */ = {
			isa = XCBuildConfiguration;
			buildSettings = {
				ASSETCATALOG_COMPILER_APPICON_NAME = AppIcon;
				ASSETCATALOG_COMPILER_GLOBAL_ACCENT_COLOR_NAME = AccentColor;
				CODE_SIGN_STYLE = Automatic;
				CURRENT_PROJECT_VERSION = 1;
				DEVELOPMENT_ASSET_PATHS = "\"PictoShare/Preview Content\"";
				DEVELOPMENT_TEAM = 8S68B3VNH7;
				ENABLE_PREVIEWS = YES;
				GENERATE_INFOPLIST_FILE = YES;
				INFOPLIST_KEY_UIApplicationSceneManifest_Generation = YES;
				INFOPLIST_KEY_UIApplicationSupportsIndirectInputEvents = YES;
				INFOPLIST_KEY_UILaunchScreen_Generation = YES;
				INFOPLIST_KEY_UISupportedInterfaceOrientations_iPad = "UIInterfaceOrientationPortrait UIInterfaceOrientationPortraitUpsideDown UIInterfaceOrientationLandscapeLeft UIInterfaceOrientationLandscapeRight";
				INFOPLIST_KEY_UISupportedInterfaceOrientations_iPhone = "UIInterfaceOrientationPortrait UIInterfaceOrientationLandscapeLeft UIInterfaceOrientationLandscapeRight";
				LD_RUNPATH_SEARCH_PATHS = (
					"$(inherited)",
					"@executable_path/Frameworks",
				);
				MARKETING_VERSION = 1.0;
				PRODUCT_BUNDLE_IDENTIFIER = "ethan-gonsalves.PictoShare";
				PRODUCT_NAME = "$(TARGET_NAME)";
				SWIFT_EMIT_LOC_STRINGS = YES;
				SWIFT_VERSION = 5.0;
				TARGETED_DEVICE_FAMILY = "1,2";
			};
			name = Release;
		};
/* End XCBuildConfiguration section */

/* Begin XCConfigurationList section */
		9D3C32752AB7B4F900FD8CFB /* Build configuration list for PBXProject "PictoShare" */ = {
			isa = XCConfigurationList;
			buildConfigurations = (
				9D3C32862AB7B4FA00FD8CFB /* Debug */,
				9D3C32872AB7B4FA00FD8CFB /* Release */,
			);
			defaultConfigurationIsVisible = 0;
			defaultConfigurationName = Release;
		};
		9D3C32882AB7B4FA00FD8CFB /* Build configuration list for PBXNativeTarget "PictoShare" */ = {
			isa = XCConfigurationList;
			buildConfigurations = (
				9D3C32892AB7B4FA00FD8CFB /* Debug */,
				9D3C328A2AB7B4FA00FD8CFB /* Release */,
			);
			defaultConfigurationIsVisible = 0;
			defaultConfigurationName = Release;
		};
/* End XCConfigurationList section */
	};
	rootObject = 9D3C32722AB7B4F900FD8CFB /* Project object */;
}
